
Microsoft Visual Studio Solution File, Format Version 12.00
# Visual Studio Version 17
VisualStudioVersion = 17.4.33403.182
MinimumVisualStudioVersion = 10.0.40219.1
Project("{9A19103F-16F7-4668-BE54-9A1E7A4F7556}") = "Pixeon", "Pixeon\Pixeon.csproj", "{17C0235B-C3A3-4078-BB9C-30FF2C8F7D64}"
EndProject
Project("{9A19103F-16F7-4668-BE54-9A1E7A4F7556}") = "Pixeon.Tests", "Pixeon.tests\Pixeon.Tests.csproj", "{451CFF57-3599-4B6F-ADD0-B0C905D45951}"
EndProject
Global
	GlobalSection(SolutionConfigurationPlatforms) = preSolution
		Debug|Any CPU = Debug|Any CPU
		Release|Any CPU = Release|Any CPU
	EndGlobalSection
	GlobalSection(ProjectConfigurationPlatforms) = postSolution
		{17C0235B-C3A3-4078-BB9C-30FF2C8F7D64}.Debug|Any CPU.ActiveCfg = Debug|Any CPU
		{17C0235B-C3A3-4078-BB9C-30FF2C8F7D64}.Debug|Any CPU.Build.0 = Debug|Any CPU
		{17C0235B-C3A3-4078-BB9C-30FF2C8F7D64}.Release|Any CPU.ActiveCfg = Release|Any CPU
		{17C0235B-C3A3-4078-BB9C-30FF2C8F7D64}.Release|Any CPU.Build.0 = Release|Any CPU
		{451CFF57-3599-4B6F-ADD0-B0C905D45951}.Debug|Any CPU.ActiveCfg = Debug|Any CPU
		{451CFF57-3599-4B6F-ADD0-B0C905D45951}.Debug|Any CPU.Build.0 = Debug|Any CPU
		{451CFF57-3599-4B6F-ADD0-B0C905D45951}.Release|Any CPU.ActiveCfg = Release|Any CPU
		{451CFF57-3599-4B6F-ADD0-B0C905D45951}.Release|Any CPU.Build.0 = Release|Any CPU
	EndGlobalSection
	GlobalSection(SolutionProperties) = preSolution
		HideSolutionNode = FALSE
	EndGlobalSection
	GlobalSection(ExtensibilityGlobals) = postSolution
		SolutionGuid = {26C28E56-3872-4D09-AE21-BFE7BA54C8DE}
	EndGlobalSection
EndGlobal
